
Microsoft Visual Studio Solution File, Format Version 12.00
# Visual Studio 14
VisualStudioVersion = 14.0.24720.0
MinimumVisualStudioVersion = 10.0.40219.1
Project("{FAE04EC0-301F-11D3-BF4B-00C04F79EFBC}") = "CPIOLibSharp", "CPIOLibSharp\CPIOLibSharp.csproj", "{A30C7CDD-ABAD-4B8C-9BB8-03BBE4CF445D}"
EndProject
Project("{FAE04EC0-301F-11D3-BF4B-00C04F79EFBC}") = "TestProject", "TestProject\TestProject.csproj", "{12AE2544-7213-435D-AB03-2110BA5BFD2C}"
EndProject
Global
	GlobalSection(SolutionConfigurationPlatforms) = preSolution
		Debug|Any CPU = Debug|Any CPU
		Release|Any CPU = Release|Any CPU
	EndGlobalSection
	GlobalSection(ProjectConfigurationPlatforms) = postSolution
		{A30C7CDD-ABAD-4B8C-9BB8-03BBE4CF445D}.Debug|Any CPU.ActiveCfg = Debug|Any CPU
		{A30C7CDD-ABAD-4B8C-9BB8-03BBE4CF445D}.Debug|Any CPU.Build.0 = Debug|Any CPU
		{A30C7CDD-ABAD-4B8C-9BB8-03BBE4CF445D}.Release|Any CPU.ActiveCfg = Release|Any CPU
		{A30C7CDD-ABAD-4B8C-9BB8-03BBE4CF445D}.Release|Any CPU.Build.0 = Release|Any CPU
		{12AE2544-7213-435D-AB03-2110BA5BFD2C}.Debug|Any CPU.ActiveCfg = Debug|Any CPU
		{12AE2544-7213-435D-AB03-2110BA5BFD2C}.Debug|Any CPU.Build.0 = Debug|Any CPU
		{12AE2544-7213-435D-AB03-2110BA5BFD2C}.Release|Any CPU.ActiveCfg = Release|Any CPU
		{12AE2544-7213-435D-AB03-2110BA5BFD2C}.Release|Any CPU.Build.0 = Release|Any CPU
	EndGlobalSection
	GlobalSection(SolutionProperties) = preSolution
		HideSolutionNode = FALSE
	EndGlobalSection
EndGlobal
