
Microsoft Visual Studio Solution File, Format Version 12.00
# Visual Studio 14
VisualStudioVersion = 14.0.25123.0
MinimumVisualStudioVersion = 10.0.40219.1
Project("{FAE04EC0-301F-11D3-BF4B-00C04F79EFBC}") = "CPIOLibSharp", "CPIOLibSharp\CPIOLibSharp.csproj", "{A30C7CDD-ABAD-4B8C-9BB8-03BBE4CF445D}"
EndProject
Project("{FAE04EC0-301F-11D3-BF4B-00C04F79EFBC}") = "UnitTest", "UnitTest\UnitTest.csproj", "{A6557410-08AB-4870-8D13-81C4F0A2FF99}"
EndProject
Global
	GlobalSection(SolutionConfigurationPlatforms) = preSolution
		Debug|Any CPU = Debug|Any CPU
		Release|Any CPU = Release|Any CPU
	EndGlobalSection
	GlobalSection(ProjectConfigurationPlatforms) = postSolution
		{A30C7CDD-ABAD-4B8C-9BB8-03BBE4CF445D}.Debug|Any CPU.ActiveCfg = Debug|Any CPU
		{A30C7CDD-ABAD-4B8C-9BB8-03BBE4CF445D}.Debug|Any CPU.Build.0 = Debug|Any CPU
		{A30C7CDD-ABAD-4B8C-9BB8-03BBE4CF445D}.Release|Any CPU.ActiveCfg = Release|Any CPU
		{A30C7CDD-ABAD-4B8C-9BB8-03BBE4CF445D}.Release|Any CPU.Build.0 = Release|Any CPU
		{A6557410-08AB-4870-8D13-81C4F0A2FF99}.Debug|Any CPU.ActiveCfg = Debug|Any CPU
		{A6557410-08AB-4870-8D13-81C4F0A2FF99}.Debug|Any CPU.Build.0 = Debug|Any CPU
		{A6557410-08AB-4870-8D13-81C4F0A2FF99}.Release|Any CPU.ActiveCfg = Release|Any CPU
		{A6557410-08AB-4870-8D13-81C4F0A2FF99}.Release|Any CPU.Build.0 = Release|Any CPU
	EndGlobalSection
	GlobalSection(SolutionProperties) = preSolution
		HideSolutionNode = FALSE
	EndGlobalSection
EndGlobal
